# This file is autogenerated, do not edit; changes may be undone by the next 'dep ensure'.


[[projects]]
  digest = "1:6cb5bf34f3e3bb61e76d976f5bd29d245b567f208e1fd7cb8104b736a5eb649d"
  name = "github.com/dgrijalva/jwt-go"
  packages = ["."]
  pruneopts = "UT"
  revision = "a539ee1a749a2b895533f979515ac7e6e0f5b650"

[[projects]]
  digest = "1:79a00bf5e9364396037d19b0059a0db06ca565f65b1bff60492233330d4afaa2"
  name = "github.com/sideshow/apns2"
  packages = [
    ".",
    "certificate",
    "payload",
    "token",
  ]
  pruneopts = "UT"
  revision = "df275e5c35d2814db5013184c3fe18a33439eaa3"
  version = "v0.14"

[[projects]]
  digest = "1:34fb429cf7923263d4359d6dc6960aeda438d3120e71ef1e74e2b898893e5d6d"
  name = "golang.org/x/crypto"
  packages = [
    "pkcs12",
    "pkcs12/internal/rc2",
  ]
  pruneopts = "UT"
  revision = "ab89591268e0c8b748cbe4047b00197516011af5"

[[projects]]
  digest = "1:355fbf62a8537b7860ff5038305d005cbfd91462c1dd33b10846fda2e5cb5789"
  name = "golang.org/x/net"
  packages = [
    "context",
    "context/ctxhttp",
    "http2",
    "http2/hpack",
    "idna",
    "lex/httplex",
  ]
  pruneopts = "UT"
  revision = "84f0e6f92b10139f986b1756e149a7d9de270cdc"

[[projects]]
  digest = "1:a2ab62866c75542dd18d2b069fec854577a20211d7c0ea6ae746072a1dccdd18"
  name = "golang.org/x/text"
  packages = [
    "collate",
    "collate/build",
    "internal/colltab",
    "internal/gen",
    "internal/tag",
    "internal/triegen",
    "internal/ucd",
    "language",
    "secure/bidirule",
    "transform",
    "unicode/bidi",
    "unicode/cldr",
    "unicode/norm",
    "unicode/rangetable",
  ]
  pruneopts = "UT"
  revision = "f21a4dfb5e38f5895301dc265a8def02365cc3d0"
  version = "v0.3.0"

[solve-meta]
  analyzer-name = "dep"
  analyzer-version = 1
  input-imports = [
    "github.com/sideshow/apns2",
    "github.com/sideshow/apns2/certificate",
    "github.com/sideshow/apns2/payload",
  ]
  solver-name = "gps-cdcl"
  solver-version = 1
